github.com/PurpleSec/logx v1.5.0 h1:ch53KQy4WlEg0R9nmc89oSmx7LvuWOsris+GNlh8I74=
github.com/PurpleSec/logx v1.5.0/go.mod h1:tkLK6CqkhkRSVejDMVgZa0jTq97aRikVNjAON9iUiK0=
github.com/PurpleSec/logx v1.6.0 h1:Izt49BihGlDDPjWYccIbFTVoKfjS53Uv6hDvp9rd4bE=
github.com/PurpleSec/logx v1.6.0/go.mod h1:tkLK6CqkhkRSVejDMVgZa0jTq97aRikVNjAON9iUiK0=
